
Microsoft Visual Studio Solution File, Format Version 12.00
# Visual Studio 14
VisualStudioVersion = 14.0.25420.1
MinimumVisualStudioVersion = 10.0.40219.1
Project("{FAE04EC0-301F-11D3-BF4B-00C04F79EFBC}") = "Test", "Test\Test.csproj", "{FC6AC22C-CB14-4C39-A3E6-F18D270CA82B}"
EndProject
Project("{FAE04EC0-301F-11D3-BF4B-00C04F79EFBC}") = "TestConsole", "TestConsole\TestConsole.csproj", "{1B5BDE23-BAAD-41F6-BBB4-94B4446827EE}"
EndProject
Global
	GlobalSection(SolutionConfigurationPlatforms) = preSolution
		Debug|Any CPU = Debug|Any CPU
		Release|Any CPU = Release|Any CPU
	EndGlobalSection
	GlobalSection(ProjectConfigurationPlatforms) = postSolution
		{FC6AC22C-CB14-4C39-A3E6-F18D270CA82B}.Debug|Any CPU.ActiveCfg = Debug|Any CPU
		{FC6AC22C-CB14-4C39-A3E6-F18D270CA82B}.Debug|Any CPU.Build.0 = Debug|Any CPU
		{FC6AC22C-CB14-4C39-A3E6-F18D270CA82B}.Release|Any CPU.ActiveCfg = Release|Any CPU
		{FC6AC22C-CB14-4C39-A3E6-F18D270CA82B}.Release|Any CPU.Build.0 = Release|Any CPU
		{1B5BDE23-BAAD-41F6-BBB4-94B4446827EE}.Debug|Any CPU.ActiveCfg = Debug|Any CPU
		{1B5BDE23-BAAD-41F6-BBB4-94B4446827EE}.Debug|Any CPU.Build.0 = Debug|Any CPU
		{1B5BDE23-BAAD-41F6-BBB4-94B4446827EE}.Release|Any CPU.ActiveCfg = Release|Any CPU
		{1B5BDE23-BAAD-41F6-BBB4-94B4446827EE}.Release|Any CPU.Build.0 = Release|Any CPU
	EndGlobalSection
	GlobalSection(SolutionProperties) = preSolution
		HideSolutionNode = FALSE
	EndGlobalSection
EndGlobal
